
Microsoft Visual Studio Solution File, Format Version 12.00
# Visual Studio Version 17
VisualStudioVersion = 17.11.35219.272
MinimumVisualStudioVersion = 10.0.40219.1
Project("{FAE04EC0-301F-11D3-BF4B-00C04F79EFBC}") = "ITS245_FinalProject", "ITS245_FinalProject.csproj", "{94731C48-08BA-443C-9EDB-27648FAEFB37}"
EndProject
Global
	GlobalSection(SolutionConfigurationPlatforms) = preSolution
		Debug|Any CPU = Debug|Any CPU
		Release|Any CPU = Release|Any CPU
	EndGlobalSection
	GlobalSection(ProjectConfigurationPlatforms) = postSolution
		{94731C48-08BA-443C-9EDB-27648FAEFB37}.Debug|Any CPU.ActiveCfg = Debug|Any CPU
		{94731C48-08BA-443C-9EDB-27648FAEFB37}.Debug|Any CPU.Build.0 = Debug|Any CPU
		{94731C48-08BA-443C-9EDB-27648FAEFB37}.Release|Any CPU.ActiveCfg = Release|Any CPU
		{94731C48-08BA-443C-9EDB-27648FAEFB37}.Release|Any CPU.Build.0 = Release|Any CPU
	EndGlobalSection
	GlobalSection(SolutionProperties) = preSolution
		HideSolutionNode = FALSE
	EndGlobalSection
	GlobalSection(ExtensibilityGlobals) = postSolution
		SolutionGuid = {3995FE22-2EBB-4BE5-9814-BCAD9E386AE6}
	EndGlobalSection
EndGlobal
